
Microsoft Visual Studio Solution File, Format Version 12.00
# Visual Studio Version 17
VisualStudioVersion = 17.9.34714.143
MinimumVisualStudioVersion = 10.0.40219.1
Project("{FAE04EC0-301F-11D3-BF4B-00C04F79EFBC}") = "Listas", "Listas\Listas.csproj", "{CEF7F01B-7E5A-426B-A6FA-58DC77C8DC43}"
EndProject
Global
	GlobalSection(SolutionConfigurationPlatforms) = preSolution
		Debug|Any CPU = Debug|Any CPU
		Release|Any CPU = Release|Any CPU
	EndGlobalSection
	GlobalSection(ProjectConfigurationPlatforms) = postSolution
		{CEF7F01B-7E5A-426B-A6FA-58DC77C8DC43}.Debug|Any CPU.ActiveCfg = Debug|Any CPU
		{CEF7F01B-7E5A-426B-A6FA-58DC77C8DC43}.Debug|Any CPU.Build.0 = Debug|Any CPU
		{CEF7F01B-7E5A-426B-A6FA-58DC77C8DC43}.Release|Any CPU.ActiveCfg = Release|Any CPU
		{CEF7F01B-7E5A-426B-A6FA-58DC77C8DC43}.Release|Any CPU.Build.0 = Release|Any CPU
	EndGlobalSection
	GlobalSection(SolutionProperties) = preSolution
		HideSolutionNode = FALSE
	EndGlobalSection
	GlobalSection(ExtensibilityGlobals) = postSolution
		SolutionGuid = {824089B7-E58F-4A0A-8A0D-F9044E29EAEC}
	EndGlobalSection
EndGlobal
