
Microsoft Visual Studio Solution File, Format Version 12.00
# Visual Studio Version 17
VisualStudioVersion = 17.9.34728.123
MinimumVisualStudioVersion = 10.0.40219.1
Project("{FAE04EC0-301F-11D3-BF4B-00C04F79EFBC}") = "TryCatch", "TryCatch\TryCatch.csproj", "{3B24E2E9-C6AD-425A-9D8E-EF56BA98950E}"
EndProject
Global
	GlobalSection(SolutionConfigurationPlatforms) = preSolution
		Debug|Any CPU = Debug|Any CPU
		Release|Any CPU = Release|Any CPU
	EndGlobalSection
	GlobalSection(ProjectConfigurationPlatforms) = postSolution
		{3B24E2E9-C6AD-425A-9D8E-EF56BA98950E}.Debug|Any CPU.ActiveCfg = Debug|Any CPU
		{3B24E2E9-C6AD-425A-9D8E-EF56BA98950E}.Debug|Any CPU.Build.0 = Debug|Any CPU
		{3B24E2E9-C6AD-425A-9D8E-EF56BA98950E}.Release|Any CPU.ActiveCfg = Release|Any CPU
		{3B24E2E9-C6AD-425A-9D8E-EF56BA98950E}.Release|Any CPU.Build.0 = Release|Any CPU
	EndGlobalSection
	GlobalSection(SolutionProperties) = preSolution
		HideSolutionNode = FALSE
	EndGlobalSection
	GlobalSection(ExtensibilityGlobals) = postSolution
		SolutionGuid = {DC0CDE1F-6317-4929-BAB7-058AEBB7DCA3}
	EndGlobalSection
EndGlobal
