
Microsoft Visual Studio Solution File, Format Version 12.00
# Visual Studio Version 17
VisualStudioVersion = 17.9.34701.34
MinimumVisualStudioVersion = 10.0.40219.1
Project("{FAE04EC0-301F-11D3-BF4B-00C04F79EFBC}") = "MetodosEstaticos", "MetodosEstaticos\MetodosEstaticos.csproj", "{B7BC1931-DC15-4342-BE00-B1404030ED7F}"
EndProject
Global
	GlobalSection(SolutionConfigurationPlatforms) = preSolution
		Debug|Any CPU = Debug|Any CPU
		Release|Any CPU = Release|Any CPU
	EndGlobalSection
	GlobalSection(ProjectConfigurationPlatforms) = postSolution
		{B7BC1931-DC15-4342-BE00-B1404030ED7F}.Debug|Any CPU.ActiveCfg = Debug|Any CPU
		{B7BC1931-DC15-4342-BE00-B1404030ED7F}.Debug|Any CPU.Build.0 = Debug|Any CPU
		{B7BC1931-DC15-4342-BE00-B1404030ED7F}.Release|Any CPU.ActiveCfg = Release|Any CPU
		{B7BC1931-DC15-4342-BE00-B1404030ED7F}.Release|Any CPU.Build.0 = Release|Any CPU
	EndGlobalSection
	GlobalSection(SolutionProperties) = preSolution
		HideSolutionNode = FALSE
	EndGlobalSection
	GlobalSection(ExtensibilityGlobals) = postSolution
		SolutionGuid = {A914EAD3-A573-41A7-A0F3-42C61A13EA1F}
	EndGlobalSection
EndGlobal
