
Microsoft Visual Studio Solution File, Format Version 12.00
# Visual Studio Version 17
VisualStudioVersion = 17.9.34701.34
MinimumVisualStudioVersion = 10.0.40219.1
Project("{FAE04EC0-301F-11D3-BF4B-00C04F79EFBC}") = "Vetores", "Vetores\Vetores.csproj", "{2C159C5D-C3FF-4580-ACE1-641B81801120}"
EndProject
Global
	GlobalSection(SolutionConfigurationPlatforms) = preSolution
		Debug|Any CPU = Debug|Any CPU
		Release|Any CPU = Release|Any CPU
	EndGlobalSection
	GlobalSection(ProjectConfigurationPlatforms) = postSolution
		{2C159C5D-C3FF-4580-ACE1-641B81801120}.Debug|Any CPU.ActiveCfg = Debug|Any CPU
		{2C159C5D-C3FF-4580-ACE1-641B81801120}.Debug|Any CPU.Build.0 = Debug|Any CPU
		{2C159C5D-C3FF-4580-ACE1-641B81801120}.Release|Any CPU.ActiveCfg = Release|Any CPU
		{2C159C5D-C3FF-4580-ACE1-641B81801120}.Release|Any CPU.Build.0 = Release|Any CPU
	EndGlobalSection
	GlobalSection(SolutionProperties) = preSolution
		HideSolutionNode = FALSE
	EndGlobalSection
	GlobalSection(ExtensibilityGlobals) = postSolution
		SolutionGuid = {73FBFD0C-113A-451C-B2D1-D92A8C09BD03}
	EndGlobalSection
EndGlobal
